
Microsoft Visual Studio Solution File, Format Version 12.00
# Visual Studio Version 17
VisualStudioVersion = 17.2.32630.192
MinimumVisualStudioVersion = 10.0.40219.1
Project("{FAE04EC0-301F-11D3-BF4B-00C04F79EFBC}") = "GitanPromoCode", "GitanPromoCode\GitanPromoCode.csproj", "{559DD188-EDE6-4A43-A047-6928AA63DD46}"
EndProject
Global
	GlobalSection(SolutionConfigurationPlatforms) = preSolution
		Debug|Any CPU = Debug|Any CPU
		Release|Any CPU = Release|Any CPU
	EndGlobalSection
	GlobalSection(ProjectConfigurationPlatforms) = postSolution
		{559DD188-EDE6-4A43-A047-6928AA63DD46}.Debug|Any CPU.ActiveCfg = Debug|Any CPU
		{559DD188-EDE6-4A43-A047-6928AA63DD46}.Debug|Any CPU.Build.0 = Debug|Any CPU
		{559DD188-EDE6-4A43-A047-6928AA63DD46}.Release|Any CPU.ActiveCfg = Release|Any CPU
		{559DD188-EDE6-4A43-A047-6928AA63DD46}.Release|Any CPU.Build.0 = Release|Any CPU
	EndGlobalSection
	GlobalSection(SolutionProperties) = preSolution
		HideSolutionNode = FALSE
	EndGlobalSection
	GlobalSection(ExtensibilityGlobals) = postSolution
		SolutionGuid = {29081A1A-DF44-434B-B06A-605B8739C236}
	EndGlobalSection
EndGlobal
